
Microsoft Visual Studio Solution File, Format Version 12.00
# Visual Studio Version 17
VisualStudioVersion = 17.0.32014.148
MinimumVisualStudioVersion = 10.0.40219.1
Project("{9A19103F-16F7-4668-BE54-9A1E7A4F7556}") = "TiendaServicios.Api.Autor", "TiendaServicios.Api.Autor\TiendaServicios.Api.Autor.csproj", "{CB2F4235-AAB2-4695-AFDF-DEBD0AA39623}"
EndProject
Project("{FAE04EC0-301F-11D3-BF4B-00C04F79EFBC}") = "TiendaServicios.Api.Libro", "TiendaServicios.Api.Libro\TiendaServicios.Api.Libro.csproj", "{B479627D-F4F1-44BC-963E-8FE1E354EF43}"
EndProject
Project("{FAE04EC0-301F-11D3-BF4B-00C04F79EFBC}") = "TiendaServicios.Api.CarritoCompra", "TiendaServicios.CarritoCompra\TiendaServicios.Api.CarritoCompra.csproj", "{ED0A89CE-DEAA-49AA-95E9-4F38FD9F90B0}"
EndProject
Global
	GlobalSection(SolutionConfigurationPlatforms) = preSolution
		Debug|Any CPU = Debug|Any CPU
		Release|Any CPU = Release|Any CPU
	EndGlobalSection
	GlobalSection(ProjectConfigurationPlatforms) = postSolution
		{CB2F4235-AAB2-4695-AFDF-DEBD0AA39623}.Debug|Any CPU.ActiveCfg = Debug|Any CPU
		{CB2F4235-AAB2-4695-AFDF-DEBD0AA39623}.Debug|Any CPU.Build.0 = Debug|Any CPU
		{CB2F4235-AAB2-4695-AFDF-DEBD0AA39623}.Release|Any CPU.ActiveCfg = Release|Any CPU
		{CB2F4235-AAB2-4695-AFDF-DEBD0AA39623}.Release|Any CPU.Build.0 = Release|Any CPU
		{B479627D-F4F1-44BC-963E-8FE1E354EF43}.Debug|Any CPU.ActiveCfg = Debug|Any CPU
		{B479627D-F4F1-44BC-963E-8FE1E354EF43}.Debug|Any CPU.Build.0 = Debug|Any CPU
		{B479627D-F4F1-44BC-963E-8FE1E354EF43}.Release|Any CPU.ActiveCfg = Release|Any CPU
		{B479627D-F4F1-44BC-963E-8FE1E354EF43}.Release|Any CPU.Build.0 = Release|Any CPU
		{ED0A89CE-DEAA-49AA-95E9-4F38FD9F90B0}.Debug|Any CPU.ActiveCfg = Debug|Any CPU
		{ED0A89CE-DEAA-49AA-95E9-4F38FD9F90B0}.Debug|Any CPU.Build.0 = Debug|Any CPU
		{ED0A89CE-DEAA-49AA-95E9-4F38FD9F90B0}.Release|Any CPU.ActiveCfg = Release|Any CPU
		{ED0A89CE-DEAA-49AA-95E9-4F38FD9F90B0}.Release|Any CPU.Build.0 = Release|Any CPU
	EndGlobalSection
	GlobalSection(SolutionProperties) = preSolution
		HideSolutionNode = FALSE
	EndGlobalSection
	GlobalSection(ExtensibilityGlobals) = postSolution
		SolutionGuid = {422C4FBD-CDC6-4C72-A937-6FF0E14DFC11}
	EndGlobalSection
EndGlobal
